
Microsoft Visual Studio Solution File, Format Version 12.00
# Visual Studio Version 17
VisualStudioVersion = 17.0.31903.59
MinimumVisualStudioVersion = 10.0.40219.1
Project("{9A19103F-16F7-4668-BE54-9A1E7A4F7556}") = "NumericalMethods.WPFApplication", "NumericalMethods.WPFApplication\NumericalMethods.WPFApplication.csproj", "{D9CF7C8A-51F4-49A1-979B-8C5B280A495F}"
EndProject
Project("{9A19103F-16F7-4668-BE54-9A1E7A4F7556}") = "NumericalMethods.Approximation.Interpolations", "NumericalMethods.Approximation.Interpolations\NumericalMethods.Approximation.Interpolations.csproj", "{B73F293E-550D-4F7D-A841-0E87A7B73103}"
EndProject
Project("{9A19103F-16F7-4668-BE54-9A1E7A4F7556}") = "NumericalMethods.Differentiations", "NumericalMethods.Differentiations\NumericalMethods.Differentiations.csproj", "{A605FA8B-525B-4D17-B062-A1B8425C67C3}"
EndProject
Project("{2150E333-8FDC-42A3-9474-1A3956D46DE8}") = "Solution Items", "Solution Items", "{7E0166B1-8566-4F03-A046-80BB94E89C96}"
	ProjectSection(SolutionItems) = preProject
		.gitignore = .gitignore
		README.md = README.md
	EndProjectSection
EndProject
Project("{9A19103F-16F7-4668-BE54-9A1E7A4F7556}") = "NumericalMethods.SolvingCauchyProblems", "NumericalMethods.SolvingCauchyProblems\NumericalMethods.SolvingCauchyProblems.csproj", "{4B8C064B-28A6-4244-94C8-DB9072242DBC}"
EndProject
Project("{9A19103F-16F7-4668-BE54-9A1E7A4F7556}") = "NumericalMethods.SolvingSystemsOfNonlinearEquations", "NumericalMethods.SolvingSystemsOfNonlinearEquations\NumericalMethods.SolvingSystemsOfNonlinearEquations.csproj", "{1D28975B-81FC-4131-A969-E4EEC7BA6152}"
EndProject
Global
	GlobalSection(SolutionConfigurationPlatforms) = preSolution
		Debug|Any CPU = Debug|Any CPU
		Release|Any CPU = Release|Any CPU
	EndGlobalSection
	GlobalSection(ProjectConfigurationPlatforms) = postSolution
		{D9CF7C8A-51F4-49A1-979B-8C5B280A495F}.Debug|Any CPU.ActiveCfg = Debug|Any CPU
		{D9CF7C8A-51F4-49A1-979B-8C5B280A495F}.Debug|Any CPU.Build.0 = Debug|Any CPU
		{D9CF7C8A-51F4-49A1-979B-8C5B280A495F}.Release|Any CPU.ActiveCfg = Release|Any CPU
		{D9CF7C8A-51F4-49A1-979B-8C5B280A495F}.Release|Any CPU.Build.0 = Release|Any CPU
		{B73F293E-550D-4F7D-A841-0E87A7B73103}.Debug|Any CPU.ActiveCfg = Debug|Any CPU
		{B73F293E-550D-4F7D-A841-0E87A7B73103}.Debug|Any CPU.Build.0 = Debug|Any CPU
		{B73F293E-550D-4F7D-A841-0E87A7B73103}.Release|Any CPU.ActiveCfg = Release|Any CPU
		{B73F293E-550D-4F7D-A841-0E87A7B73103}.Release|Any CPU.Build.0 = Release|Any CPU
		{A605FA8B-525B-4D17-B062-A1B8425C67C3}.Debug|Any CPU.ActiveCfg = Debug|Any CPU
		{A605FA8B-525B-4D17-B062-A1B8425C67C3}.Debug|Any CPU.Build.0 = Debug|Any CPU
		{A605FA8B-525B-4D17-B062-A1B8425C67C3}.Release|Any CPU.ActiveCfg = Release|Any CPU
		{A605FA8B-525B-4D17-B062-A1B8425C67C3}.Release|Any CPU.Build.0 = Release|Any CPU
		{4B8C064B-28A6-4244-94C8-DB9072242DBC}.Debug|Any CPU.ActiveCfg = Debug|Any CPU
		{4B8C064B-28A6-4244-94C8-DB9072242DBC}.Debug|Any CPU.Build.0 = Debug|Any CPU
		{4B8C064B-28A6-4244-94C8-DB9072242DBC}.Release|Any CPU.ActiveCfg = Release|Any CPU
		{4B8C064B-28A6-4244-94C8-DB9072242DBC}.Release|Any CPU.Build.0 = Release|Any CPU
		{1D28975B-81FC-4131-A969-E4EEC7BA6152}.Debug|Any CPU.ActiveCfg = Debug|Any CPU
		{1D28975B-81FC-4131-A969-E4EEC7BA6152}.Debug|Any CPU.Build.0 = Debug|Any CPU
		{1D28975B-81FC-4131-A969-E4EEC7BA6152}.Release|Any CPU.ActiveCfg = Release|Any CPU
		{1D28975B-81FC-4131-A969-E4EEC7BA6152}.Release|Any CPU.Build.0 = Release|Any CPU
	EndGlobalSection
	GlobalSection(SolutionProperties) = preSolution
		HideSolutionNode = FALSE
	EndGlobalSection
	GlobalSection(ExtensibilityGlobals) = postSolution
		SolutionGuid = {85768CA4-0E30-4F4D-A022-F87FAAFD4D2F}
	EndGlobalSection
EndGlobal
